// !$*UTF8*$!
{
	archiveVersion = 1;
	classes = {
	};
	objectVersion = 51;
	objects = {

/* Begin PBXBuildFile section */
		0451A12A234CA14A003AF422 /* AppDelegate.swift in Sources */ = {isa = PBXBuildFile; fileRef = 0451A129234CA14A003AF422 /* AppDelegate.swift */; };
		0451A130234CA151003AF422 /* Assets.xcassets in Resources */ = {isa = PBXBuildFile; fileRef = 0451A12F234CA151003AF422 /* Assets.xcassets */; };
		0451A133234CA151003AF422 /* Preview Assets.xcassets in Resources */ = {isa = PBXBuildFile; fileRef = 0451A132234CA151003AF422 /* Preview Assets.xcassets */; };
		0451A136234CA151003AF422 /* LaunchScreen.storyboard in Resources */ = {isa = PBXBuildFile; fileRef = 0451A134234CA151003AF422 /* LaunchScreen.storyboard */; };
		0451A141234CA151003AF422 /* GenericFormLoaderTests.swift in Sources */ = {isa = PBXBuildFile; fileRef = 0451A140234CA151003AF422 /* GenericFormLoaderTests.swift */; };
		04CC8246234DBEA900EA8F17 /* GenericPageController.swift in Sources */ = {isa = PBXBuildFile; fileRef = 04CC8245234DBEA900EA8F17 /* GenericPageController.swift */; };
		04CC8249234DBECE00EA8F17 /* GenericPageCell.swift in Sources */ = {isa = PBXBuildFile; fileRef = 04CC8248234DBECE00EA8F17 /* GenericPageCell.swift */; };
		04CC824B234DBEF300EA8F17 /* GenericPageController+Extension.swift in Sources */ = {isa = PBXBuildFile; fileRef = 04CC824A234DBEF300EA8F17 /* GenericPageController+Extension.swift */; };
		04CC824D234DBF1D00EA8F17 /* GenericPageController+UICollectionView.swift in Sources */ = {isa = PBXBuildFile; fileRef = 04CC824C234DBF1D00EA8F17 /* GenericPageController+UICollectionView.swift */; };
		04CC824F234DBF3800EA8F17 /* Page.swift in Sources */ = {isa = PBXBuildFile; fileRef = 04CC824E234DBF3800EA8F17 /* Page.swift */; };
		04CC8254234E57CB00EA8F17 /* FormInteractor.swift in Sources */ = {isa = PBXBuildFile; fileRef = 04CC8253234E57CB00EA8F17 /* FormInteractor.swift */; };
		04CC8256234E585B00EA8F17 /* pet_adoption.json in Resources */ = {isa = PBXBuildFile; fileRef = 04CC8255234E585B00EA8F17 /* pet_adoption.json */; };
		04CC8258234E58CC00EA8F17 /* PageMainResponse.swift in Sources */ = {isa = PBXBuildFile; fileRef = 04CC8257234E58CC00EA8F17 /* PageMainResponse.swift */; };
		04CC825A234E593B00EA8F17 /* SectionModel.swift in Sources */ = {isa = PBXBuildFile; fileRef = 04CC8259234E593B00EA8F17 /* SectionModel.swift */; };
		04CC825C234E59D800EA8F17 /* ElementModel.swift in Sources */ = {isa = PBXBuildFile; fileRef = 04CC825B234E59D800EA8F17 /* ElementModel.swift */; };
		04CC825E234E614900EA8F17 /* SplashScreenController.swift in Sources */ = {isa = PBXBuildFile; fileRef = 04CC825D234E614900EA8F17 /* SplashScreenController.swift */; };
		04CC8260234E61B600EA8F17 /* NavigationHelper.swift in Sources */ = {isa = PBXBuildFile; fileRef = 04CC825F234E61B600EA8F17 /* NavigationHelper.swift */; };
		04CC8262234E622400EA8F17 /* UIApplication+Extension.swift in Sources */ = {isa = PBXBuildFile; fileRef = 04CC8261234E622400EA8F17 /* UIApplication+Extension.swift */; };
		04CC8264234E624E00EA8F17 /* UIViewController+Extension.swift in Sources */ = {isa = PBXBuildFile; fileRef = 04CC8263234E624E00EA8F17 /* UIViewController+Extension.swift */; };
		4979021E36BE07B3D6BEBE91 /* Pods_GenericFormLoaderTests.framework in Frameworks */ = {isa = PBXBuildFile; fileRef = 6F26CD7C60EC95FC86FC882B /* Pods_GenericFormLoaderTests.framework */; };
		686E42FD872D61DB16405D0D /* Pods_GenericFormLoader.framework in Frameworks */ = {isa = PBXBuildFile; fileRef = 7A3D6FC840D241EA13ED6D48 /* Pods_GenericFormLoader.framework */; };
/* End PBXBuildFile section */

/* Begin PBXContainerItemProxy section */
		0451A13D234CA151003AF422 /* PBXContainerItemProxy */ = {
			isa = PBXContainerItemProxy;
			containerPortal = 0451A11E234CA14A003AF422 /* Project object */;
			proxyType = 1;
			remoteGlobalIDString = 0451A125234CA14A003AF422;
			remoteInfo = GenericFormLoader;
		};
/* End PBXContainerItemProxy section */

/* Begin PBXFileReference section */
		0451A126234CA14A003AF422 /* GenericFormLoader.app */ = {isa = PBXFileReference; explicitFileType = wrapper.application; includeInIndex = 0; path = GenericFormLoader.app; sourceTree = BUILT_PRODUCTS_DIR; };
		0451A129234CA14A003AF422 /* AppDelegate.swift */ = {isa = PBXFileReference; lastKnownFileType = sourcecode.swift; path = AppDelegate.swift; sourceTree = "<group>"; };
		0451A12F234CA151003AF422 /* Assets.xcassets */ = {isa = PBXFileReference; lastKnownFileType = folder.assetcatalog; path = Assets.xcassets; sourceTree = "<group>"; };
		0451A132234CA151003AF422 /* Preview Assets.xcassets */ = {isa = PBXFileReference; lastKnownFileType = folder.assetcatalog; path = "Preview Assets.xcassets"; sourceTree = "<group>"; };
		0451A135234CA151003AF422 /* Base */ = {isa = PBXFileReference; lastKnownFileType = file.storyboard; name = Base; path = Base.lproj/LaunchScreen.storyboard; sourceTree = "<group>"; };
		0451A137234CA151003AF422 /* Info.plist */ = {isa = PBXFileReference; lastKnownFileType = text.plist.xml; path = Info.plist; sourceTree = "<group>"; };
		0451A13C234CA151003AF422 /* GenericFormLoaderTests.xctest */ = {isa = PBXFileReference; explicitFileType = wrapper.cfbundle; includeInIndex = 0; path = GenericFormLoaderTests.xctest; sourceTree = BUILT_PRODUCTS_DIR; };
		0451A140234CA151003AF422 /* GenericFormLoaderTests.swift */ = {isa = PBXFileReference; lastKnownFileType = sourcecode.swift; path = GenericFormLoaderTests.swift; sourceTree = "<group>"; };
		0451A142234CA151003AF422 /* Info.plist */ = {isa = PBXFileReference; lastKnownFileType = text.plist.xml; path = Info.plist; sourceTree = "<group>"; };
		04CC8245234DBEA900EA8F17 /* GenericPageController.swift */ = {isa = PBXFileReference; lastKnownFileType = sourcecode.swift; path = GenericPageController.swift; sourceTree = "<group>"; };
		04CC8248234DBECE00EA8F17 /* GenericPageCell.swift */ = {isa = PBXFileReference; lastKnownFileType = sourcecode.swift; path = GenericPageCell.swift; sourceTree = "<group>"; };
		04CC824A234DBEF300EA8F17 /* GenericPageController+Extension.swift */ = {isa = PBXFileReference; lastKnownFileType = sourcecode.swift; path = "GenericPageController+Extension.swift"; sourceTree = "<group>"; };
		04CC824C234DBF1D00EA8F17 /* GenericPageController+UICollectionView.swift */ = {isa = PBXFileReference; lastKnownFileType = sourcecode.swift; path = "GenericPageController+UICollectionView.swift"; sourceTree = "<group>"; };
		04CC824E234DBF3800EA8F17 /* Page.swift */ = {isa = PBXFileReference; lastKnownFileType = sourcecode.swift; path = Page.swift; sourceTree = "<group>"; };
		04CC8253234E57CB00EA8F17 /* FormInteractor.swift */ = {isa = PBXFileReference; lastKnownFileType = sourcecode.swift; path = FormInteractor.swift; sourceTree = "<group>"; };
		04CC8255234E585B00EA8F17 /* pet_adoption.json */ = {isa = PBXFileReference; fileEncoding = 4; lastKnownFileType = text.json; path = pet_adoption.json; sourceTree = "<group>"; };
		04CC8257234E58CC00EA8F17 /* PageMainResponse.swift */ = {isa = PBXFileReference; lastKnownFileType = sourcecode.swift; path = PageMainResponse.swift; sourceTree = "<group>"; };
		04CC8259234E593B00EA8F17 /* SectionModel.swift */ = {isa = PBXFileReference; lastKnownFileType = sourcecode.swift; path = SectionModel.swift; sourceTree = "<group>"; };
		04CC825B234E59D800EA8F17 /* ElementModel.swift */ = {isa = PBXFileReference; lastKnownFileType = sourcecode.swift; path = ElementModel.swift; sourceTree = "<group>"; };
		04CC825D234E614900EA8F17 /* SplashScreenController.swift */ = {isa = PBXFileReference; lastKnownFileType = sourcecode.swift; path = SplashScreenController.swift; sourceTree = "<group>"; };
		04CC825F234E61B600EA8F17 /* NavigationHelper.swift */ = {isa = PBXFileReference; lastKnownFileType = sourcecode.swift; path = NavigationHelper.swift; sourceTree = "<group>"; };
		04CC8261234E622400EA8F17 /* UIApplication+Extension.swift */ = {isa = PBXFileReference; lastKnownFileType = sourcecode.swift; path = "UIApplication+Extension.swift"; sourceTree = "<group>"; };
		04CC8263234E624E00EA8F17 /* UIViewController+Extension.swift */ = {isa = PBXFileReference; lastKnownFileType = sourcecode.swift; path = "UIViewController+Extension.swift"; sourceTree = "<group>"; };
		1289046D464F6107CAEE459E /* Pods-GenericFormLoaderTests.debug.xcconfig */ = {isa = PBXFileReference; includeInIndex = 1; lastKnownFileType = text.xcconfig; name = "Pods-GenericFormLoaderTests.debug.xcconfig"; path = "Target Support Files/Pods-GenericFormLoaderTests/Pods-GenericFormLoaderTests.debug.xcconfig"; sourceTree = "<group>"; };
		2515768EFD8523FC98FAF4B8 /* Pods-GenericFormLoaderTests.release.xcconfig */ = {isa = PBXFileReference; includeInIndex = 1; lastKnownFileType = text.xcconfig; name = "Pods-GenericFormLoaderTests.release.xcconfig"; path = "Target Support Files/Pods-GenericFormLoaderTests/Pods-GenericFormLoaderTests.release.xcconfig"; sourceTree = "<group>"; };
		2F3BA4DF908A9CC19E73B00B /* Pods-GenericFormLoader.release.xcconfig */ = {isa = PBXFileReference; includeInIndex = 1; lastKnownFileType = text.xcconfig; name = "Pods-GenericFormLoader.release.xcconfig"; path = "Target Support Files/Pods-GenericFormLoader/Pods-GenericFormLoader.release.xcconfig"; sourceTree = "<group>"; };
		6F26CD7C60EC95FC86FC882B /* Pods_GenericFormLoaderTests.framework */ = {isa = PBXFileReference; explicitFileType = wrapper.framework; includeInIndex = 0; path = Pods_GenericFormLoaderTests.framework; sourceTree = BUILT_PRODUCTS_DIR; };
		7A3D6FC840D241EA13ED6D48 /* Pods_GenericFormLoader.framework */ = {isa = PBXFileReference; explicitFileType = wrapper.framework; includeInIndex = 0; path = Pods_GenericFormLoader.framework; sourceTree = BUILT_PRODUCTS_DIR; };
		B433AE53AEA5B559486A7E57 /* Pods-GenericFormLoader.debug.xcconfig */ = {isa = PBXFileReference; includeInIndex = 1; lastKnownFileType = text.xcconfig; name = "Pods-GenericFormLoader.debug.xcconfig"; path = "Target Support Files/Pods-GenericFormLoader/Pods-GenericFormLoader.debug.xcconfig"; sourceTree = "<group>"; };
/* End PBXFileReference section */

/* Begin PBXFrameworksBuildPhase section */
		0451A123234CA14A003AF422 /* Frameworks */ = {
			isa = PBXFrameworksBuildPhase;
			buildActionMask = 2147483647;
			files = (
				686E42FD872D61DB16405D0D /* Pods_GenericFormLoader.framework in Frameworks */,
			);
			runOnlyForDeploymentPostprocessing = 0;
		};
		0451A139234CA151003AF422 /* Frameworks */ = {
			isa = PBXFrameworksBuildPhase;
			buildActionMask = 2147483647;
			files = (
				4979021E36BE07B3D6BEBE91 /* Pods_GenericFormLoaderTests.framework in Frameworks */,
			);
			runOnlyForDeploymentPostprocessing = 0;
		};
/* End PBXFrameworksBuildPhase section */

/* Begin PBXGroup section */
		0451A11D234CA14A003AF422 = {
			isa = PBXGroup;
			children = (
				0451A128234CA14A003AF422 /* GenericFormLoader */,
				0451A13F234CA151003AF422 /* GenericFormLoaderTests */,
				0451A127234CA14A003AF422 /* Products */,
				4521973D24AA14B5F35D2439 /* Pods */,
				D484730455616338556E44F6 /* Frameworks */,
			);
			sourceTree = "<group>";
		};
		0451A127234CA14A003AF422 /* Products */ = {
			isa = PBXGroup;
			children = (
				0451A126234CA14A003AF422 /* GenericFormLoader.app */,
				0451A13C234CA151003AF422 /* GenericFormLoaderTests.xctest */,
			);
			name = Products;
			sourceTree = "<group>";
		};
		0451A128234CA14A003AF422 /* GenericFormLoader */ = {
			isa = PBXGroup;
			children = (
				04CC8255234E585B00EA8F17 /* pet_adoption.json */,
				04CC8252234E579600EA8F17 /* Interactor */,
				0451A14D234CBDF2003AF422 /* Common */,
				0451A14C234CBDEC003AF422 /* Entity */,
				0451A14B234CBDE2003AF422 /* View */,
				0451A129234CA14A003AF422 /* AppDelegate.swift */,
				0451A12F234CA151003AF422 /* Assets.xcassets */,
				0451A134234CA151003AF422 /* LaunchScreen.storyboard */,
				0451A137234CA151003AF422 /* Info.plist */,
				0451A131234CA151003AF422 /* Preview Content */,
			);
			path = GenericFormLoader;
			sourceTree = "<group>";
		};
		0451A131234CA151003AF422 /* Preview Content */ = {
			isa = PBXGroup;
			children = (
				0451A132234CA151003AF422 /* Preview Assets.xcassets */,
			);
			path = "Preview Content";
			sourceTree = "<group>";
		};
		0451A13F234CA151003AF422 /* GenericFormLoaderTests */ = {
			isa = PBXGroup;
			children = (
				0451A140234CA151003AF422 /* GenericFormLoaderTests.swift */,
				0451A142234CA151003AF422 /* Info.plist */,
			);
			path = GenericFormLoaderTests;
			sourceTree = "<group>";
		};
		0451A14B234CBDE2003AF422 /* View */ = {
			isa = PBXGroup;
			children = (
				04CC8247234DBEC100EA8F17 /* Cell */,
				04CC8245234DBEA900EA8F17 /* GenericPageController.swift */,
				04CC824A234DBEF300EA8F17 /* GenericPageController+Extension.swift */,
				04CC824C234DBF1D00EA8F17 /* GenericPageController+UICollectionView.swift */,
				04CC825D234E614900EA8F17 /* SplashScreenController.swift */,
			);
			path = View;
			sourceTree = "<group>";
		};
		0451A14C234CBDEC003AF422 /* Entity */ = {
			isa = PBXGroup;
			children = (
				04CC824E234DBF3800EA8F17 /* Page.swift */,
				04CC8257234E58CC00EA8F17 /* PageMainResponse.swift */,
				04CC8259234E593B00EA8F17 /* SectionModel.swift */,
				04CC825B234E59D800EA8F17 /* ElementModel.swift */,
			);
			path = Entity;
			sourceTree = "<group>";
		};
		0451A14D234CBDF2003AF422 /* Common */ = {
			isa = PBXGroup;
			children = (
				04CC825F234E61B600EA8F17 /* NavigationHelper.swift */,
				04CC8261234E622400EA8F17 /* UIApplication+Extension.swift */,
				04CC8263234E624E00EA8F17 /* UIViewController+Extension.swift */,
			);
			path = Common;
			sourceTree = "<group>";
		};
		04CC8247234DBEC100EA8F17 /* Cell */ = {
			isa = PBXGroup;
			children = (
				04CC8248234DBECE00EA8F17 /* GenericPageCell.swift */,
			);
			path = Cell;
			sourceTree = "<group>";
		};
		04CC8252234E579600EA8F17 /* Interactor */ = {
			isa = PBXGroup;
			children = (
				04CC8253234E57CB00EA8F17 /* FormInteractor.swift */,
			);
			path = Interactor;
			sourceTree = "<group>";
		};
		4521973D24AA14B5F35D2439 /* Pods */ = {
			isa = PBXGroup;
			children = (
				B433AE53AEA5B559486A7E57 /* Pods-GenericFormLoader.debug.xcconfig */,
				2F3BA4DF908A9CC19E73B00B /* Pods-GenericFormLoader.release.xcconfig */,
				1289046D464F6107CAEE459E /* Pods-GenericFormLoaderTests.debug.xcconfig */,
				2515768EFD8523FC98FAF4B8 /* Pods-GenericFormLoaderTests.release.xcconfig */,
			);
			path = Pods;
			sourceTree = "<group>";
		};
		D484730455616338556E44F6 /* Frameworks */ = {
			isa = PBXGroup;
			children = (
				7A3D6FC840D241EA13ED6D48 /* Pods_GenericFormLoader.framework */,
				6F26CD7C60EC95FC86FC882B /* Pods_GenericFormLoaderTests.framework */,
			);
			name = Frameworks;
			sourceTree = "<group>";
		};
/* End PBXGroup section */

/* Begin PBXNativeTarget section */
		0451A125234CA14A003AF422 /* GenericFormLoader */ = {
			isa = PBXNativeTarget;
			buildConfigurationList = 0451A145234CA151003AF422 /* Build configuration list for PBXNativeTarget "GenericFormLoader" */;
			buildPhases = (
				3E1CE2F50A962EC988E24A5F /* [CP] Check Pods Manifest.lock */,
				0451A122234CA14A003AF422 /* Sources */,
				0451A123234CA14A003AF422 /* Frameworks */,
				0451A124234CA14A003AF422 /* Resources */,
				061249880A0177CB42E6C6DB /* [CP] Embed Pods Frameworks */,
			);
			buildRules = (
			);
			dependencies = (
			);
			name = GenericFormLoader;
			productName = GenericFormLoader;
			productReference = 0451A126234CA14A003AF422 /* GenericFormLoader.app */;
			productType = "com.apple.product-type.application";
		};
		0451A13B234CA151003AF422 /* GenericFormLoaderTests */ = {
			isa = PBXNativeTarget;
			buildConfigurationList = 0451A148234CA151003AF422 /* Build configuration list for PBXNativeTarget "GenericFormLoaderTests" */;
			buildPhases = (
				676B44DD878E950E9EA0686D /* [CP] Check Pods Manifest.lock */,
				0451A138234CA151003AF422 /* Sources */,
				0451A139234CA151003AF422 /* Frameworks */,
				0451A13A234CA151003AF422 /* Resources */,
			);
			buildRules = (
			);
			dependencies = (
				0451A13E234CA151003AF422 /* PBXTargetDependency */,
			);
			name = GenericFormLoaderTests;
			productName = GenericFormLoaderTests;
			productReference = 0451A13C234CA151003AF422 /* GenericFormLoaderTests.xctest */;
			productType = "com.apple.product-type.bundle.unit-test";
		};
/* End PBXNativeTarget section */

/* Begin PBXProject section */
		0451A11E234CA14A003AF422 /* Project object */ = {
			isa = PBXProject;
			attributes = {
				LastSwiftUpdateCheck = 1100;
				LastUpgradeCheck = 1100;
				ORGANIZATIONNAME = Techies;
				TargetAttributes = {
					0451A125234CA14A003AF422 = {
						CreatedOnToolsVersion = 11.0;
					};
					0451A13B234CA151003AF422 = {
						CreatedOnToolsVersion = 11.0;
						TestTargetID = 0451A125234CA14A003AF422;
					};
				};
			};
			buildConfigurationList = 0451A121234CA14A003AF422 /* Build configuration list for PBXProject "GenericFormLoader" */;
			compatibilityVersion = "Xcode 9.3";
			developmentRegion = en;
			hasScannedForEncodings = 0;
			knownRegions = (
				en,
				Base,
			);
			mainGroup = 0451A11D234CA14A003AF422;
			productRefGroup = 0451A127234CA14A003AF422 /* Products */;
			projectDirPath = "";
			projectRoot = "";
			targets = (
				0451A125234CA14A003AF422 /* GenericFormLoader */,
				0451A13B234CA151003AF422 /* GenericFormLoaderTests */,
			);
		};
/* End PBXProject section */

/* Begin PBXResourcesBuildPhase section */
		0451A124234CA14A003AF422 /* Resources */ = {
			isa = PBXResourcesBuildPhase;
			buildActionMask = 2147483647;
			files = (
				0451A136234CA151003AF422 /* LaunchScreen.storyboard in Resources */,
				0451A133234CA151003AF422 /* Preview Assets.xcassets in Resources */,
				0451A130234CA151003AF422 /* Assets.xcassets in Resources */,
				04CC8256234E585B00EA8F17 /* pet_adoption.json in Resources */,
			);
			runOnlyForDeploymentPostprocessing = 0;
		};
		0451A13A234CA151003AF422 /* Resources */ = {
			isa = PBXResourcesBuildPhase;
			buildActionMask = 2147483647;
			files = (
			);
			runOnlyForDeploymentPostprocessing = 0;
		};
/* End PBXResourcesBuildPhase section */

/* Begin PBXShellScriptBuildPhase section */
		061249880A0177CB42E6C6DB /* [CP] Embed Pods Frameworks */ = {
			isa = PBXShellScriptBuildPhase;
			buildActionMask = 2147483647;
			files = (
			);
			inputFileListPaths = (
				"${PODS_ROOT}/Target Support Files/Pods-GenericFormLoader/Pods-GenericFormLoader-frameworks-${CONFIGURATION}-input-files.xcfilelist",
			);
			name = "[CP] Embed Pods Frameworks";
			outputFileListPaths = (
				"${PODS_ROOT}/Target Support Files/Pods-GenericFormLoader/Pods-GenericFormLoader-frameworks-${CONFIGURATION}-output-files.xcfilelist",
			);
			runOnlyForDeploymentPostprocessing = 0;
			shellPath = /bin/sh;
			shellScript = "\"${PODS_ROOT}/Target Support Files/Pods-GenericFormLoader/Pods-GenericFormLoader-frameworks.sh\"\n";
			showEnvVarsInLog = 0;
		};
		3E1CE2F50A962EC988E24A5F /* [CP] Check Pods Manifest.lock */ = {
			isa = PBXShellScriptBuildPhase;
			buildActionMask = 2147483647;
			files = (
			);
			inputFileListPaths = (
			);
			inputPaths = (
				"${PODS_PODFILE_DIR_PATH}/Podfile.lock",
				"${PODS_ROOT}/Manifest.lock",
			);
			name = "[CP] Check Pods Manifest.lock";
			outputFileListPaths = (
			);
			outputPaths = (
				"$(DERIVED_FILE_DIR)/Pods-GenericFormLoader-checkManifestLockResult.txt",
			);
			runOnlyForDeploymentPostprocessing = 0;
			shellPath = /bin/sh;
			shellScript = "diff \"${PODS_PODFILE_DIR_PATH}/Podfile.lock\" \"${PODS_ROOT}/Manifest.lock\" > /dev/null\nif [ $? != 0 ] ; then\n    # print error to STDERR\n    echo \"error: The sandbox is not in sync with the Podfile.lock. Run 'pod install' or update your CocoaPods installation.\" >&2\n    exit 1\nfi\n# This output is used by Xcode 'outputs' to avoid re-running this script phase.\necho \"SUCCESS\" > \"${SCRIPT_OUTPUT_FILE_0}\"\n";
			showEnvVarsInLog = 0;
		};
		676B44DD878E950E9EA0686D /* [CP] Check Pods Manifest.lock */ = {
			isa = PBXShellScriptBuildPhase;
			buildActionMask = 2147483647;
			files = (
			);
			inputFileListPaths = (
			);
			inputPaths = (
				"${PODS_PODFILE_DIR_PATH}/Podfile.lock",
				"${PODS_ROOT}/Manifest.lock",
			);
			name = "[CP] Check Pods Manifest.lock";
			outputFileListPaths = (
			);
			outputPaths = (
				"$(DERIVED_FILE_DIR)/Pods-GenericFormLoaderTests-checkManifestLockResult.txt",
			);
			runOnlyForDeploymentPostprocessing = 0;
			shellPath = /bin/sh;
			shellScript = "diff \"${PODS_PODFILE_DIR_PATH}/Podfile.lock\" \"${PODS_ROOT}/Manifest.lock\" > /dev/null\nif [ $? != 0 ] ; then\n    # print error to STDERR\n    echo \"error: The sandbox is not in sync with the Podfile.lock. Run 'pod install' or update your CocoaPods installation.\" >&2\n    exit 1\nfi\n# This output is used by Xcode 'outputs' to avoid re-running this script phase.\necho \"SUCCESS\" > \"${SCRIPT_OUTPUT_FILE_0}\"\n";
			showEnvVarsInLog = 0;
		};
/* End PBXShellScriptBuildPhase section */

/* Begin PBXSourcesBuildPhase section */
		0451A122234CA14A003AF422 /* Sources */ = {
			isa = PBXSourcesBuildPhase;
			buildActionMask = 2147483647;
			files = (
				04CC8264234E624E00EA8F17 /* UIViewController+Extension.swift in Sources */,
				04CC825C234E59D800EA8F17 /* ElementModel.swift in Sources */,
				04CC824B234DBEF300EA8F17 /* GenericPageController+Extension.swift in Sources */,
				04CC8249234DBECE00EA8F17 /* GenericPageCell.swift in Sources */,
				04CC8258234E58CC00EA8F17 /* PageMainResponse.swift in Sources */,
				04CC824F234DBF3800EA8F17 /* Page.swift in Sources */,
				04CC8246234DBEA900EA8F17 /* GenericPageController.swift in Sources */,
				04CC824D234DBF1D00EA8F17 /* GenericPageController+UICollectionView.swift in Sources */,
				0451A12A234CA14A003AF422 /* AppDelegate.swift in Sources */,
				04CC825E234E614900EA8F17 /* SplashScreenController.swift in Sources */,
				04CC8260234E61B600EA8F17 /* NavigationHelper.swift in Sources */,
				04CC825A234E593B00EA8F17 /* SectionModel.swift in Sources */,
				04CC8254234E57CB00EA8F17 /* FormInteractor.swift in Sources */,
				04CC8262234E622400EA8F17 /* UIApplication+Extension.swift in Sources */,
			);
			runOnlyForDeploymentPostprocessing = 0;
		};
		0451A138234CA151003AF422 /* Sources */ = {
			isa = PBXSourcesBuildPhase;
			buildActionMask = 2147483647;
			files = (
				0451A141234CA151003AF422 /* GenericFormLoaderTests.swift in Sources */,
			);
			runOnlyForDeploymentPostprocessing = 0;
		};
/* End PBXSourcesBuildPhase section */

/* Begin PBXTargetDependency section */
		0451A13E234CA151003AF422 /* PBXTargetDependency */ = {
			isa = PBXTargetDependency;
			target = 0451A125234CA14A003AF422 /* GenericFormLoader */;
			targetProxy = 0451A13D234CA151003AF422 /* PBXContainerItemProxy */;
		};
/* End PBXTargetDependency section */

/* Begin PBXVariantGroup section */
		0451A134234CA151003AF422 /* LaunchScreen.storyboard */ = {
			isa = PBXVariantGroup;
			children = (
				0451A135234CA151003AF422 /* Base */,
			);
			name = LaunchScreen.storyboard;
			sourceTree = "<group>";
		};
/* End PBXVariantGroup section */

/* Begin XCBuildConfiguration section */
		0451A143234CA151003AF422 /* Debug */ = {
			isa = XCBuildConfiguration;
			buildSettings = {
				ALWAYS_SEARCH_USER_PATHS = NO;
				CLANG_ANALYZER_NONNULL = YES;
				CLANG_ANALYZER_NUMBER_OBJECT_CONVERSION = YES_AGGRESSIVE;
				CLANG_CXX_LANGUAGE_STANDARD = "gnu++14";
				CLANG_CXX_LIBRARY = "libc++";
				CLANG_ENABLE_MODULES = YES;
				CLANG_ENABLE_OBJC_ARC = YES;
				CLANG_ENABLE_OBJC_WEAK = YES;
				CLANG_WARN_BLOCK_CAPTURE_AUTORELEASING = YES;
				CLANG_WARN_BOOL_CONVERSION = YES;
				CLANG_WARN_COMMA = YES;
				CLANG_WARN_CONSTANT_CONVERSION = YES;
				CLANG_WARN_DEPRECATED_OBJC_IMPLEMENTATIONS = YES;
				CLANG_WARN_DIRECT_OBJC_ISA_USAGE = YES_ERROR;
				CLANG_WARN_DOCUMENTATION_COMMENTS = YES;
				CLANG_WARN_EMPTY_BODY = YES;
				CLANG_WARN_ENUM_CONVERSION = YES;
				CLANG_WARN_INFINITE_RECURSION = YES;
				CLANG_WARN_INT_CONVERSION = YES;
				CLANG_WARN_NON_LITERAL_NULL_CONVERSION = YES;
				CLANG_WARN_OBJC_IMPLICIT_RETAIN_SELF = YES;
				CLANG_WARN_OBJC_LITERAL_CONVERSION = YES;
				CLANG_WARN_OBJC_ROOT_CLASS = YES_ERROR;
				CLANG_WARN_RANGE_LOOP_ANALYSIS = YES;
				CLANG_WARN_STRICT_PROTOTYPES = YES;
				CLANG_WARN_SUSPICIOUS_MOVE = YES;
				CLANG_WARN_UNGUARDED_AVAILABILITY = YES_AGGRESSIVE;
				CLANG_WARN_UNREACHABLE_CODE = YES;
				CLANG_WARN__DUPLICATE_METHOD_MATCH = YES;
				COPY_PHASE_STRIP = NO;
				DEBUG_INFORMATION_FORMAT = dwarf;
				ENABLE_STRICT_OBJC_MSGSEND = YES;
				ENABLE_TESTABILITY = YES;
				GCC_C_LANGUAGE_STANDARD = gnu11;
				GCC_DYNAMIC_NO_PIC = NO;
				GCC_NO_COMMON_BLOCKS = YES;
				GCC_OPTIMIZATION_LEVEL = 0;
				GCC_PREPROCESSOR_DEFINITIONS = (
					"DEBUG=1",
					"$(inherited)",
				);
				GCC_WARN_64_TO_32_BIT_CONVERSION = YES;
				GCC_WARN_ABOUT_RETURN_TYPE = YES_ERROR;
				GCC_WARN_UNDECLARED_SELECTOR = YES;
				GCC_WARN_UNINITIALIZED_AUTOS = YES_AGGRESSIVE;
				GCC_WARN_UNUSED_FUNCTION = YES;
				GCC_WARN_UNUSED_VARIABLE = YES;
				IPHONEOS_DEPLOYMENT_TARGET = 13.0;
				MTL_ENABLE_DEBUG_INFO = INCLUDE_SOURCE;
				MTL_FAST_MATH = YES;
				ONLY_ACTIVE_ARCH = YES;
				SDKROOT = iphoneos;
				SWIFT_ACTIVE_COMPILATION_CONDITIONS = DEBUG;
				SWIFT_OPTIMIZATION_LEVEL = "-Onone";
			};
			name = Debug;
		};
		0451A144234CA151003AF422 /* Release */ = {
			isa = XCBuildConfiguration;
			buildSettings = {
				ALWAYS_SEARCH_USER_PATHS = NO;
				CLANG_ANALYZER_NONNULL = YES;
				CLANG_ANALYZER_NUMBER_OBJECT_CONVERSION = YES_AGGRESSIVE;
				CLANG_CXX_LANGUAGE_STANDARD = "gnu++14";
				CLANG_CXX_LIBRARY = "libc++";
				CLANG_ENABLE_MODULES = YES;
				CLANG_ENABLE_OBJC_ARC = YES;
				CLANG_ENABLE_OBJC_WEAK = YES;
				CLANG_WARN_BLOCK_CAPTURE_AUTORELEASING = YES;
				CLANG_WARN_BOOL_CONVERSION = YES;
				CLANG_WARN_COMMA = YES;
				CLANG_WARN_CONSTANT_CONVERSION = YES;
				CLANG_WARN_DEPRECATED_OBJC_IMPLEMENTATIONS = YES;
				CLANG_WARN_DIRECT_OBJC_ISA_USAGE = YES_ERROR;
				CLANG_WARN_DOCUMENTATION_COMMENTS = YES;
				CLANG_WARN_EMPTY_BODY = YES;
				CLANG_WARN_ENUM_CONVERSION = YES;
				CLANG_WARN_INFINITE_RECURSION = YES;
				CLANG_WARN_INT_CONVERSION = YES;
				CLANG_WARN_NON_LITERAL_NULL_CONVERSION = YES;
				CLANG_WARN_OBJC_IMPLICIT_RETAIN_SELF = YES;
				CLANG_WARN_OBJC_LITERAL_CONVERSION = YES;
				CLANG_WARN_OBJC_ROOT_CLASS = YES_ERROR;
				CLANG_WARN_RANGE_LOOP_ANALYSIS = YES;
				CLANG_WARN_STRICT_PROTOTYPES = YES;
				CLANG_WARN_SUSPICIOUS_MOVE = YES;
				CLANG_WARN_UNGUARDED_AVAILABILITY = YES_AGGRESSIVE;
				CLANG_WARN_UNREACHABLE_CODE = YES;
				CLANG_WARN__DUPLICATE_METHOD_MATCH = YES;
				COPY_PHASE_STRIP = NO;
				DEBUG_INFORMATION_FORMAT = "dwarf-with-dsym";
				ENABLE_NS_ASSERTIONS = NO;
				ENABLE_STRICT_OBJC_MSGSEND = YES;
				GCC_C_LANGUAGE_STANDARD = gnu11;
				GCC_NO_COMMON_BLOCKS = YES;
				GCC_WARN_64_TO_32_BIT_CONVERSION = YES;
				GCC_WARN_ABOUT_RETURN_TYPE = YES_ERROR;
				GCC_WARN_UNDECLARED_SELECTOR = YES;
				GCC_WARN_UNINITIALIZED_AUTOS = YES_AGGRESSIVE;
				GCC_WARN_UNUSED_FUNCTION = YES;
				GCC_WARN_UNUSED_VARIABLE = YES;
				IPHONEOS_DEPLOYMENT_TARGET = 13.0;
				MTL_ENABLE_DEBUG_INFO = NO;
				MTL_FAST_MATH = YES;
				SDKROOT = iphoneos;
				SWIFT_COMPILATION_MODE = wholemodule;
				SWIFT_OPTIMIZATION_LEVEL = "-O";
				VALIDATE_PRODUCT = YES;
			};
			name = Release;
		};
		0451A146234CA151003AF422 /* Debug */ = {
			isa = XCBuildConfiguration;
			baseConfigurationReference = B433AE53AEA5B559486A7E57 /* Pods-GenericFormLoader.debug.xcconfig */;
			buildSettings = {
				ASSETCATALOG_COMPILER_APPICON_NAME = AppIcon;
				CODE_SIGN_STYLE = Automatic;
				DEVELOPMENT_ASSET_PATHS = "\"GenericFormLoader/Preview Content\"";
				ENABLE_PREVIEWS = YES;
				INFOPLIST_FILE = GenericFormLoader/Info.plist;
				LD_RUNPATH_SEARCH_PATHS = (
					"$(inherited)",
					"@executable_path/Frameworks",
				);
				PRODUCT_BUNDLE_IDENTIFIER = com.currency.GenericFormLoader;
				PRODUCT_NAME = "$(TARGET_NAME)";
				SWIFT_VERSION = 5.0;
				TARGETED_DEVICE_FAMILY = "1,2";
			};
			name = Debug;
		};
		0451A147234CA151003AF422 /* Release */ = {
			isa = XCBuildConfiguration;
			baseConfigurationReference = 2F3BA4DF908A9CC19E73B00B /* Pods-GenericFormLoader.release.xcconfig */;
			buildSettings = {
				ASSETCATALOG_COMPILER_APPICON_NAME = AppIcon;
				CODE_SIGN_STYLE = Automatic;
				DEVELOPMENT_ASSET_PATHS = "\"GenericFormLoader/Preview Content\"";
				ENABLE_PREVIEWS = YES;
				INFOPLIST_FILE = GenericFormLoader/Info.plist;
				LD_RUNPATH_SEARCH_PATHS = (
					"$(inherited)",
					"@executable_path/Frameworks",
				);
				PRODUCT_BUNDLE_IDENTIFIER = com.currency.GenericFormLoader;
				PRODUCT_NAME = "$(TARGET_NAME)";
				SWIFT_VERSION = 5.0;
				TARGETED_DEVICE_FAMILY = "1,2";
			};
			name = Release;
		};
		0451A149234CA151003AF422 /* Debug */ = {
			isa = XCBuildConfiguration;
			baseConfigurationReference = 1289046D464F6107CAEE459E /* Pods-GenericFormLoaderTests.debug.xcconfig */;
			buildSettings = {
				ALWAYS_EMBED_SWIFT_STANDARD_LIBRARIES = YES;
				BUNDLE_LOADER = "$(TEST_HOST)";
				CODE_SIGN_STYLE = Automatic;
				INFOPLIST_FILE = GenericFormLoaderTests/Info.plist;
				IPHONEOS_DEPLOYMENT_TARGET = 13.0;
				LD_RUNPATH_SEARCH_PATHS = (
					"$(inherited)",
					"@executable_path/Frameworks",
					"@loader_path/Frameworks",
				);
				PRODUCT_BUNDLE_IDENTIFIER = com.currency.GenericFormLoaderTests;
				PRODUCT_NAME = "$(TARGET_NAME)";
				SWIFT_VERSION = 5.0;
				TARGETED_DEVICE_FAMILY = "1,2";
				TEST_HOST = "$(BUILT_PRODUCTS_DIR)/GenericFormLoader.app/GenericFormLoader";
			};
			name = Debug;
		};
		0451A14A234CA151003AF422 /* Release */ = {
			isa = XCBuildConfiguration;
			baseConfigurationReference = 2515768EFD8523FC98FAF4B8 /* Pods-GenericFormLoaderTests.release.xcconfig */;
			buildSettings = {
				ALWAYS_EMBED_SWIFT_STANDARD_LIBRARIES = YES;
				BUNDLE_LOADER = "$(TEST_HOST)";
				CODE_SIGN_STYLE = Automatic;
				INFOPLIST_FILE = GenericFormLoaderTests/Info.plist;
				IPHONEOS_DEPLOYMENT_TARGET = 13.0;
				LD_RUNPATH_SEARCH_PATHS = (
					"$(inherited)",
					"@executable_path/Frameworks",
					"@loader_path/Frameworks",
				);
				PRODUCT_BUNDLE_IDENTIFIER = com.currency.GenericFormLoaderTests;
				PRODUCT_NAME = "$(TARGET_NAME)";
				SWIFT_VERSION = 5.0;
				TARGETED_DEVICE_FAMILY = "1,2";
				TEST_HOST = "$(BUILT_PRODUCTS_DIR)/GenericFormLoader.app/GenericFormLoader";
			};
			name = Release;
		};
/* End XCBuildConfiguration section */

/* Begin XCConfigurationList section */
		0451A121234CA14A003AF422 /* Build configuration list for PBXProject "GenericFormLoader" */ = {
			isa = XCConfigurationList;
			buildConfigurations = (
				0451A143234CA151003AF422 /* Debug */,
				0451A144234CA151003AF422 /* Release */,
			);
			defaultConfigurationIsVisible = 0;
			defaultConfigurationName = Release;
		};
		0451A145234CA151003AF422 /* Build configuration list for PBXNativeTarget "GenericFormLoader" */ = {
			isa = XCConfigurationList;
			buildConfigurations = (
				0451A146234CA151003AF422 /* Debug */,
				0451A147234CA151003AF422 /* Release */,
			);
			defaultConfigurationIsVisible = 0;
			defaultConfigurationName = Release;
		};
		0451A148234CA151003AF422 /* Build configuration list for PBXNativeTarget "GenericFormLoaderTests" */ = {
			isa = XCConfigurationList;
			buildConfigurations = (
				0451A149234CA151003AF422 /* Debug */,
				0451A14A234CA151003AF422 /* Release */,
			);
			defaultConfigurationIsVisible = 0;
			defaultConfigurationName = Release;
		};
/* End XCConfigurationList section */
	};
	rootObject = 0451A11E234CA14A003AF422 /* Project object */;
}
